// !$*UTF8*$!
{
	archiveVersion = 1;
	classes = {
	};
	objectVersion = 50;
	objects = {

/* Begin PBXBuildFile section */
		A92DA7AD2192A83400729616 /* AppDelegate.swift in Sources */ = {isa = PBXBuildFile; fileRef = A92DA7AC2192A83400729616 /* AppDelegate.swift */; };
		A92DA7AF2192A83400729616 /* HomeController.swift in Sources */ = {isa = PBXBuildFile; fileRef = A92DA7AE2192A83400729616 /* HomeController.swift */; };
		A92DA7B22192A83400729616 /* Main.storyboard in Resources */ = {isa = PBXBuildFile; fileRef = A92DA7B02192A83400729616 /* Main.storyboard */; };
		A92DA7B42192A83600729616 /* Assets.xcassets in Resources */ = {isa = PBXBuildFile; fileRef = A92DA7B32192A83600729616 /* Assets.xcassets */; };
		A92DA7B72192A83600729616 /* LaunchScreen.storyboard in Resources */ = {isa = PBXBuildFile; fileRef = A92DA7B52192A83600729616 /* LaunchScreen.storyboard */; };
		A934E52B2194AE2200650535 /* Extensions.swift in Sources */ = {isa = PBXBuildFile; fileRef = A934E52A2194AE2200650535 /* Extensions.swift */; };
		A934E52F2194AEF100650535 /* VideoCell.swift in Sources */ = {isa = PBXBuildFile; fileRef = A934E52E2194AEF100650535 /* VideoCell.swift */; };
		A934E5312194B05700650535 /* MenuBar.swift in Sources */ = {isa = PBXBuildFile; fileRef = A934E5302194B05700650535 /* MenuBar.swift */; };
/* End PBXBuildFile section */

/* Begin PBXFileReference section */
		A92DA7A92192A83400729616 /* Youtube_demo.app */ = {isa = PBXFileReference; explicitFileType = wrapper.application; includeInIndex = 0; path = Youtube_demo.app; sourceTree = BUILT_PRODUCTS_DIR; };
		A92DA7AC2192A83400729616 /* AppDelegate.swift */ = {isa = PBXFileReference; lastKnownFileType = sourcecode.swift; path = AppDelegate.swift; sourceTree = "<group>"; };
		A92DA7AE2192A83400729616 /* HomeController.swift */ = {isa = PBXFileReference; lastKnownFileType = sourcecode.swift; path = HomeController.swift; sourceTree = "<group>"; };
		A92DA7B12192A83400729616 /* Base */ = {isa = PBXFileReference; lastKnownFileType = file.storyboard; name = Base; path = Base.lproj/Main.storyboard; sourceTree = "<group>"; };
		A92DA7B32192A83600729616 /* Assets.xcassets */ = {isa = PBXFileReference; lastKnownFileType = folder.assetcatalog; path = Assets.xcassets; sourceTree = "<group>"; };
		A92DA7B62192A83600729616 /* Base */ = {isa = PBXFileReference; lastKnownFileType = file.storyboard; name = Base; path = Base.lproj/LaunchScreen.storyboard; sourceTree = "<group>"; };
		A92DA7B82192A83600729616 /* Info.plist */ = {isa = PBXFileReference; lastKnownFileType = text.plist.xml; path = Info.plist; sourceTree = "<group>"; };
		A934E52A2194AE2200650535 /* Extensions.swift */ = {isa = PBXFileReference; lastKnownFileType = sourcecode.swift; path = Extensions.swift; sourceTree = "<group>"; };
		A934E52E2194AEF100650535 /* VideoCell.swift */ = {isa = PBXFileReference; lastKnownFileType = sourcecode.swift; path = VideoCell.swift; sourceTree = "<group>"; };
		A934E5302194B05700650535 /* MenuBar.swift */ = {isa = PBXFileReference; lastKnownFileType = sourcecode.swift; path = MenuBar.swift; sourceTree = "<group>"; };
/* End PBXFileReference section */

/* Begin PBXFrameworksBuildPhase section */
		A92DA7A62192A83400729616 /* Frameworks */ = {
			isa = PBXFrameworksBuildPhase;
			buildActionMask = 2147483647;
			files = (
			);
			runOnlyForDeploymentPostprocessing = 0;
		};
/* End PBXFrameworksBuildPhase section */

/* Begin PBXGroup section */
		A92DA7A02192A83400729616 = {
			isa = PBXGroup;
			children = (
				A92DA7AB2192A83400729616 /* Youtube_demo */,
				A92DA7AA2192A83400729616 /* Products */,
			);
			sourceTree = "<group>";
		};
		A92DA7AA2192A83400729616 /* Products */ = {
			isa = PBXGroup;
			children = (
				A92DA7A92192A83400729616 /* Youtube_demo.app */,
			);
			name = Products;
			sourceTree = "<group>";
		};
		A92DA7AB2192A83400729616 /* Youtube_demo */ = {
			isa = PBXGroup;
			children = (
				A934E52D2194AEB800650535 /* views */,
				A934E52C2194AEB100650535 /* viewcontrollers */,
				A934E5292194AE1200650535 /* Helpers */,
				A92DA7AC2192A83400729616 /* AppDelegate.swift */,
				A92DA7B02192A83400729616 /* Main.storyboard */,
				A92DA7B32192A83600729616 /* Assets.xcassets */,
				A92DA7B52192A83600729616 /* LaunchScreen.storyboard */,
				A92DA7B82192A83600729616 /* Info.plist */,
			);
			path = Youtube_demo;
			sourceTree = "<group>";
		};
		A934E5292194AE1200650535 /* Helpers */ = {
			isa = PBXGroup;
			children = (
				A934E52A2194AE2200650535 /* Extensions.swift */,
			);
			path = Helpers;
			sourceTree = "<group>";
		};
		A934E52C2194AEB100650535 /* viewcontrollers */ = {
			isa = PBXGroup;
			children = (
				A92DA7AE2192A83400729616 /* HomeController.swift */,
			);
			path = viewcontrollers;
			sourceTree = "<group>";
		};
		A934E52D2194AEB800650535 /* views */ = {
			isa = PBXGroup;
			children = (
				A934E52E2194AEF100650535 /* VideoCell.swift */,
				A934E5302194B05700650535 /* MenuBar.swift */,
			);
			path = views;
			sourceTree = "<group>";
		};
/* End PBXGroup section */

/* Begin PBXNativeTarget section */
		A92DA7A82192A83400729616 /* Youtube_demo */ = {
			isa = PBXNativeTarget;
			buildConfigurationList = A92DA7BB2192A83600729616 /* Build configuration list for PBXNativeTarget "Youtube_demo" */;
			buildPhases = (
				A92DA7A52192A83400729616 /* Sources */,
				A92DA7A62192A83400729616 /* Frameworks */,
				A92DA7A72192A83400729616 /* Resources */,
			);
			buildRules = (
			);
			dependencies = (
			);
			name = Youtube_demo;
			productName = Youtube_demo;
			productReference = A92DA7A92192A83400729616 /* Youtube_demo.app */;
			productType = "com.apple.product-type.application";
		};
/* End PBXNativeTarget section */

/* Begin PBXProject section */
		A92DA7A12192A83400729616 /* Project object */ = {
			isa = PBXProject;
			attributes = {
				LastSwiftUpdateCheck = 1010;
				LastUpgradeCheck = 1010;
				ORGANIZATIONNAME = PADC;
				TargetAttributes = {
					A92DA7A82192A83400729616 = {
						CreatedOnToolsVersion = 10.1;
					};
				};
			};
			buildConfigurationList = A92DA7A42192A83400729616 /* Build configuration list for PBXProject "Youtube_demo" */;
			compatibilityVersion = "Xcode 9.3";
			developmentRegion = en;
			hasScannedForEncodings = 0;
			knownRegions = (
				en,
				Base,
			);
			mainGroup = A92DA7A02192A83400729616;
			productRefGroup = A92DA7AA2192A83400729616 /* Products */;
			projectDirPath = "";
			projectRoot = "";
			targets = (
				A92DA7A82192A83400729616 /* Youtube_demo */,
			);
		};
/* End PBXProject section */

/* Begin PBXResourcesBuildPhase section */
		A92DA7A72192A83400729616 /* Resources */ = {
			isa = PBXResourcesBuildPhase;
			buildActionMask = 2147483647;
			files = (
				A92DA7B72192A83600729616 /* LaunchScreen.storyboard in Resources */,
				A92DA7B42192A83600729616 /* Assets.xcassets in Resources */,
				A92DA7B22192A83400729616 /* Main.storyboard in Resources */,
			);
			runOnlyForDeploymentPostprocessing = 0;
		};
/* End PBXResourcesBuildPhase section */

/* Begin PBXSourcesBuildPhase section */
		A92DA7A52192A83400729616 /* Sources */ = {
			isa = PBXSourcesBuildPhase;
			buildActionMask = 2147483647;
			files = (
				A92DA7AF2192A83400729616 /* HomeController.swift in Sources */,
				A934E52F2194AEF100650535 /* VideoCell.swift in Sources */,
				A934E52B2194AE2200650535 /* Extensions.swift in Sources */,
				A92DA7AD2192A83400729616 /* AppDelegate.swift in Sources */,
				A934E5312194B05700650535 /* MenuBar.swift in Sources */,
			);
			runOnlyForDeploymentPostprocessing = 0;
		};
/* End PBXSourcesBuildPhase section */

/* Begin PBXVariantGroup section */
		A92DA7B02192A83400729616 /* Main.storyboard */ = {
			isa = PBXVariantGroup;
			children = (
				A92DA7B12192A83400729616 /* Base */,
			);
			name = Main.storyboard;
			sourceTree = "<group>";
		};
		A92DA7B52192A83600729616 /* LaunchScreen.storyboard */ = {
			isa = PBXVariantGroup;
			children = (
				A92DA7B62192A83600729616 /* Base */,
			);
			name = LaunchScreen.storyboard;
			sourceTree = "<group>";
		};
/* End PBXVariantGroup section */

/* Begin XCBuildConfiguration section */
		A92DA7B92192A83600729616 /* Debug */ = {
			isa = XCBuildConfiguration;
			buildSettings = {
				ALWAYS_SEARCH_USER_PATHS = NO;
				CLANG_ANALYZER_NONNULL = YES;
				CLANG_ANALYZER_NUMBER_OBJECT_CONVERSION = YES_AGGRESSIVE;
				CLANG_CXX_LANGUAGE_STANDARD = "gnu++14";
				CLANG_CXX_LIBRARY = "libc++";
				CLANG_ENABLE_MODULES = YES;
				CLANG_ENABLE_OBJC_ARC = YES;
				CLANG_ENABLE_OBJC_WEAK = YES;
				CLANG_WARN_BLOCK_CAPTURE_AUTORELEASING = YES;
				CLANG_WARN_BOOL_CONVERSION = YES;
				CLANG_WARN_COMMA = YES;
				CLANG_WARN_CONSTANT_CONVERSION = YES;
				CLANG_WARN_DEPRECATED_OBJC_IMPLEMENTATIONS = YES;
				CLANG_WARN_DIRECT_OBJC_ISA_USAGE = YES_ERROR;
				CLANG_WARN_DOCUMENTATION_COMMENTS = YES;
				CLANG_WARN_EMPTY_BODY = YES;
				CLANG_WARN_ENUM_CONVERSION = YES;
				CLANG_WARN_INFINITE_RECURSION = YES;
				CLANG_WARN_INT_CONVERSION = YES;
				CLANG_WARN_NON_LITERAL_NULL_CONVERSION = YES;
				CLANG_WARN_OBJC_IMPLICIT_RETAIN_SELF = YES;
				CLANG_WARN_OBJC_LITERAL_CONVERSION = YES;
				CLANG_WARN_OBJC_ROOT_CLASS = YES_ERROR;
				CLANG_WARN_RANGE_LOOP_ANALYSIS = YES;
				CLANG_WARN_STRICT_PROTOTYPES = YES;
				CLANG_WARN_SUSPICIOUS_MOVE = YES;
				CLANG_WARN_UNGUARDED_AVAILABILITY = YES_AGGRESSIVE;
				CLANG_WARN_UNREACHABLE_CODE = YES;
				CLANG_WARN__DUPLICATE_METHOD_MATCH = YES;
				CODE_SIGN_IDENTITY = "iPhone Developer";
				COPY_PHASE_STRIP = NO;
				DEBUG_INFORMATION_FORMAT = dwarf;
				ENABLE_STRICT_OBJC_MSGSEND = YES;
				ENABLE_TESTABILITY = YES;
				GCC_C_LANGUAGE_STANDARD = gnu11;
				GCC_DYNAMIC_NO_PIC = NO;
				GCC_NO_COMMON_BLOCKS = YES;
				GCC_OPTIMIZATION_LEVEL = 0;
				GCC_PREPROCESSOR_DEFINITIONS = (
					"DEBUG=1",
					"$(inherited)",
				);
				GCC_WARN_64_TO_32_BIT_CONVERSION = YES;
				GCC_WARN_ABOUT_RETURN_TYPE = YES_ERROR;
				GCC_WARN_UNDECLARED_SELECTOR = YES;
				GCC_WARN_UNINITIALIZED_AUTOS = YES_AGGRESSIVE;
				GCC_WARN_UNUSED_FUNCTION = YES;
				GCC_WARN_UNUSED_VARIABLE = YES;
				IPHONEOS_DEPLOYMENT_TARGET = 12.1;
				MTL_ENABLE_DEBUG_INFO = INCLUDE_SOURCE;
				MTL_FAST_MATH = YES;
				ONLY_ACTIVE_ARCH = YES;
				SDKROOT = iphoneos;
				SWIFT_ACTIVE_COMPILATION_CONDITIONS = DEBUG;
				SWIFT_OPTIMIZATION_LEVEL = "-Onone";
			};
			name = Debug;
		};
		A92DA7BA2192A83600729616 /* Release */ = {
			isa = XCBuildConfiguration;
			buildSettings = {
				ALWAYS_SEARCH_USER_PATHS = NO;
				CLANG_ANALYZER_NONNULL = YES;
				CLANG_ANALYZER_NUMBER_OBJECT_CONVERSION = YES_AGGRESSIVE;
				CLANG_CXX_LANGUAGE_STANDARD = "gnu++14";
				CLANG_CXX_LIBRARY = "libc++";
				CLANG_ENABLE_MODULES = YES;
				CLANG_ENABLE_OBJC_ARC = YES;
				CLANG_ENABLE_OBJC_WEAK = YES;
				CLANG_WARN_BLOCK_CAPTURE_AUTORELEASING = YES;
				CLANG_WARN_BOOL_CONVERSION = YES;
				CLANG_WARN_COMMA = YES;
				CLANG_WARN_CONSTANT_CONVERSION = YES;
				CLANG_WARN_DEPRECATED_OBJC_IMPLEMENTATIONS = YES;
				CLANG_WARN_DIRECT_OBJC_ISA_USAGE = YES_ERROR;
				CLANG_WARN_DOCUMENTATION_COMMENTS = YES;
				CLANG_WARN_EMPTY_BODY = YES;
				CLANG_WARN_ENUM_CONVERSION = YES;
				CLANG_WARN_INFINITE_RECURSION = YES;
				CLANG_WARN_INT_CONVERSION = YES;
				CLANG_WARN_NON_LITERAL_NULL_CONVERSION = YES;
				CLANG_WARN_OBJC_IMPLICIT_RETAIN_SELF = YES;
				CLANG_WARN_OBJC_LITERAL_CONVERSION = YES;
				CLANG_WARN_OBJC_ROOT_CLASS = YES_ERROR;
				CLANG_WARN_RANGE_LOOP_ANALYSIS = YES;
				CLANG_WARN_STRICT_PROTOTYPES = YES;
				CLANG_WARN_SUSPICIOUS_MOVE = YES;
				CLANG_WARN_UNGUARDED_AVAILABILITY = YES_AGGRESSIVE;
				CLANG_WARN_UNREACHABLE_CODE = YES;
				CLANG_WARN__DUPLICATE_METHOD_MATCH = YES;
				CODE_SIGN_IDENTITY = "iPhone Developer";
				COPY_PHASE_STRIP = NO;
				DEBUG_INFORMATION_FORMAT = "dwarf-with-dsym";
				ENABLE_NS_ASSERTIONS = NO;
				ENABLE_STRICT_OBJC_MSGSEND = YES;
				GCC_C_LANGUAGE_STANDARD = gnu11;
				GCC_NO_COMMON_BLOCKS = YES;
				GCC_WARN_64_TO_32_BIT_CONVERSION = YES;
				GCC_WARN_ABOUT_RETURN_TYPE = YES_ERROR;
				GCC_WARN_UNDECLARED_SELECTOR = YES;
				GCC_WARN_UNINITIALIZED_AUTOS = YES_AGGRESSIVE;
				GCC_WARN_UNUSED_FUNCTION = YES;
				GCC_WARN_UNUSED_VARIABLE = YES;
				IPHONEOS_DEPLOYMENT_TARGET = 12.1;
				MTL_ENABLE_DEBUG_INFO = NO;
				MTL_FAST_MATH = YES;
				SDKROOT = iphoneos;
				SWIFT_COMPILATION_MODE = wholemodule;
				SWIFT_OPTIMIZATION_LEVEL = "-O";
				VALIDATE_PRODUCT = YES;
			};
			name = Release;
		};
		A92DA7BC2192A83600729616 /* Debug */ = {
			isa = XCBuildConfiguration;
			buildSettings = {
				ASSETCATALOG_COMPILER_APPICON_NAME = AppIcon;
				CODE_SIGN_STYLE = Automatic;
				DEVELOPMENT_TEAM = Z7P7943G3Q;
				INFOPLIST_FILE = Youtube_demo/Info.plist;
				IPHONEOS_DEPLOYMENT_TARGET = 11.0;
				LD_RUNPATH_SEARCH_PATHS = (
					"$(inherited)",
					"@executable_path/Frameworks",
				);
				PRODUCT_BUNDLE_IDENTIFIER = "com.padc.Youtube-demo";
				PRODUCT_NAME = "$(TARGET_NAME)";
				SWIFT_VERSION = 4.2;
				TARGETED_DEVICE_FAMILY = "1,2";
			};
			name = Debug;
		};
		A92DA7BD2192A83600729616 /* Release */ = {
			isa = XCBuildConfiguration;
			buildSettings = {
				ASSETCATALOG_COMPILER_APPICON_NAME = AppIcon;
				CODE_SIGN_STYLE = Automatic;
				DEVELOPMENT_TEAM = Z7P7943G3Q;
				INFOPLIST_FILE = Youtube_demo/Info.plist;
				IPHONEOS_DEPLOYMENT_TARGET = 11.0;
				LD_RUNPATH_SEARCH_PATHS = (
					"$(inherited)",
					"@executable_path/Frameworks",
				);
				PRODUCT_BUNDLE_IDENTIFIER = "com.padc.Youtube-demo";
				PRODUCT_NAME = "$(TARGET_NAME)";
				SWIFT_VERSION = 4.2;
				TARGETED_DEVICE_FAMILY = "1,2";
			};
			name = Release;
		};
/* End XCBuildConfiguration section */

/* Begin XCConfigurationList section */
		A92DA7A42192A83400729616 /* Build configuration list for PBXProject "Youtube_demo" */ = {
			isa = XCConfigurationList;
			buildConfigurations = (
				A92DA7B92192A83600729616 /* Debug */,
				A92DA7BA2192A83600729616 /* Release */,
			);
			defaultConfigurationIsVisible = 0;
			defaultConfigurationName = Release;
		};
		A92DA7BB2192A83600729616 /* Build configuration list for PBXNativeTarget "Youtube_demo" */ = {
			isa = XCConfigurationList;
			buildConfigurations = (
				A92DA7BC2192A83600729616 /* Debug */,
				A92DA7BD2192A83600729616 /* Release */,
			);
			defaultConfigurationIsVisible = 0;
			defaultConfigurationName = Release;
		};
/* End XCConfigurationList section */
	};
	rootObject = A92DA7A12192A83400729616 /* Project object */;
}
